
Microsoft Visual Studio Solution File, Format Version 12.00
# Visual Studio 2013
VisualStudioVersion = 12.0.21005.1
MinimumVisualStudioVersion = 10.0.40219.1
Project("{2150E333-8FDC-42A3-9474-1A3956D46DE8}") = "Solution Items", "Solution Items", "{CD9154D4-6DF8-4FFC-B7D7-78C6ED1851BE}"
	ProjectSection(SolutionItems) = preProject
		GenerateXacmlSchema.bat = GenerateXacmlSchema.bat
		ReadMe.markdown = ReadMe.markdown
	EndProjectSection
EndProject
Project("{2150E333-8FDC-42A3-9474-1A3956D46DE8}") = ".nuget", ".nuget", "{EE75739F-0FCE-4B81-8975-A117F1E8DE63}"
	ProjectSection(SolutionItems) = preProject
		.nuget\NuGet.Config = .nuget\NuGet.Config
		.nuget\NuGet.exe = .nuget\NuGet.exe
		.nuget\NuGet.targets = .nuget\NuGet.targets
	EndProjectSection
EndProject
Project("{FAE04EC0-301F-11D3-BF4B-00C04F79EFBC}") = "Xacml.Web.Mvc", "Xacml.Web.Mvc\Xacml.Web.Mvc.csproj", "{0CE581C9-58FF-48D2-94CA-A6DC644C635E}"
EndProject
Project("{FAE04EC0-301F-11D3-BF4B-00C04F79EFBC}") = "Xacml.Web", "Xacml.Web\Xacml.Web.csproj", "{2CDF3A70-DA47-498B-B029-B47A3168BF19}"
EndProject
Project("{FAE04EC0-301F-11D3-BF4B-00C04F79EFBC}") = "Xacml", "Xacml\Xacml.csproj", "{A61F3FA2-B224-4EB2-BED1-DADAA2986CA1}"
EndProject
Project("{2150E333-8FDC-42A3-9474-1A3956D46DE8}") = "Examples", "Examples", "{B0963C38-6302-424C-9067-2E0AA6BC2014}"
EndProject
Project("{FAE04EC0-301F-11D3-BF4B-00C04F79EFBC}") = "Falconer.MvcApplication", "Examples\Falconer.MvcApplication\Falconer.MvcApplication.csproj", "{1871AE67-C9ED-491C-80B9-FA77C32019B7}"
EndProject
Project("{FAE04EC0-301F-11D3-BF4B-00C04F79EFBC}") = "FalconerWebFormsApplication", "Examples\FalconerWebFormsApplication\FalconerWebFormsApplication.csproj", "{26E63485-8EE8-42F8-B4BC-FE96DC6A598B}"
EndProject
Project("{2150E333-8FDC-42A3-9474-1A3956D46DE8}") = "Tests", "Tests", "{5848E6E1-611F-445D-ACD6-BFFC437DD5FD}"
EndProject
Project("{FAE04EC0-301F-11D3-BF4B-00C04F79EFBC}") = "Xacml.Tests.Unit", "Tests\Xacml.Tests.Unit\Xacml.Tests.Unit.csproj", "{2CC74F15-78DF-4E80-B62C-B1CC33E73F29}"
EndProject
Project("{FAE04EC0-301F-11D3-BF4B-00C04F79EFBC}") = "Xacml.Web.Tests.Unit", "Tests\Xacml.Web.Tests.Unit\Xacml.Web.Tests.Unit.csproj", "{5245DBC2-F53A-40B0-910F-7994F50C91F1}"
EndProject
Project("{FAE04EC0-301F-11D3-BF4B-00C04F79EFBC}") = "Xacml.Web.Mvc.Tests.Unit", "Tests\Xacml.Web.Mvc.Tests.Unit\Xacml.Web.Mvc.Tests.Unit.csproj", "{AC3792AE-D05A-411E-B421-BEFC36790902}"
EndProject
Global
	GlobalSection(SolutionConfigurationPlatforms) = preSolution
		Debug|Any CPU = Debug|Any CPU
		Release|Any CPU = Release|Any CPU
	EndGlobalSection
	GlobalSection(ProjectConfigurationPlatforms) = postSolution
		{0CE581C9-58FF-48D2-94CA-A6DC644C635E}.Debug|Any CPU.ActiveCfg = Debug|Any CPU
		{0CE581C9-58FF-48D2-94CA-A6DC644C635E}.Debug|Any CPU.Build.0 = Debug|Any CPU
		{0CE581C9-58FF-48D2-94CA-A6DC644C635E}.Release|Any CPU.ActiveCfg = Release|Any CPU
		{0CE581C9-58FF-48D2-94CA-A6DC644C635E}.Release|Any CPU.Build.0 = Release|Any CPU
		{2CDF3A70-DA47-498B-B029-B47A3168BF19}.Debug|Any CPU.ActiveCfg = Debug|Any CPU
		{2CDF3A70-DA47-498B-B029-B47A3168BF19}.Debug|Any CPU.Build.0 = Debug|Any CPU
		{2CDF3A70-DA47-498B-B029-B47A3168BF19}.Release|Any CPU.ActiveCfg = Release|Any CPU
		{2CDF3A70-DA47-498B-B029-B47A3168BF19}.Release|Any CPU.Build.0 = Release|Any CPU
		{A61F3FA2-B224-4EB2-BED1-DADAA2986CA1}.Debug|Any CPU.ActiveCfg = Debug|Any CPU
		{A61F3FA2-B224-4EB2-BED1-DADAA2986CA1}.Debug|Any CPU.Build.0 = Debug|Any CPU
		{A61F3FA2-B224-4EB2-BED1-DADAA2986CA1}.Release|Any CPU.ActiveCfg = Release|Any CPU
		{A61F3FA2-B224-4EB2-BED1-DADAA2986CA1}.Release|Any CPU.Build.0 = Release|Any CPU
		{1871AE67-C9ED-491C-80B9-FA77C32019B7}.Debug|Any CPU.ActiveCfg = Debug|Any CPU
		{1871AE67-C9ED-491C-80B9-FA77C32019B7}.Debug|Any CPU.Build.0 = Debug|Any CPU
		{1871AE67-C9ED-491C-80B9-FA77C32019B7}.Release|Any CPU.ActiveCfg = Release|Any CPU
		{1871AE67-C9ED-491C-80B9-FA77C32019B7}.Release|Any CPU.Build.0 = Release|Any CPU
		{26E63485-8EE8-42F8-B4BC-FE96DC6A598B}.Debug|Any CPU.ActiveCfg = Debug|Any CPU
		{26E63485-8EE8-42F8-B4BC-FE96DC6A598B}.Debug|Any CPU.Build.0 = Debug|Any CPU
		{26E63485-8EE8-42F8-B4BC-FE96DC6A598B}.Release|Any CPU.ActiveCfg = Release|Any CPU
		{26E63485-8EE8-42F8-B4BC-FE96DC6A598B}.Release|Any CPU.Build.0 = Release|Any CPU
		{2CC74F15-78DF-4E80-B62C-B1CC33E73F29}.Debug|Any CPU.ActiveCfg = Debug|Any CPU
		{2CC74F15-78DF-4E80-B62C-B1CC33E73F29}.Debug|Any CPU.Build.0 = Debug|Any CPU
		{2CC74F15-78DF-4E80-B62C-B1CC33E73F29}.Release|Any CPU.ActiveCfg = Release|Any CPU
		{2CC74F15-78DF-4E80-B62C-B1CC33E73F29}.Release|Any CPU.Build.0 = Release|Any CPU
		{5245DBC2-F53A-40B0-910F-7994F50C91F1}.Debug|Any CPU.ActiveCfg = Debug|Any CPU
		{5245DBC2-F53A-40B0-910F-7994F50C91F1}.Debug|Any CPU.Build.0 = Debug|Any CPU
		{5245DBC2-F53A-40B0-910F-7994F50C91F1}.Release|Any CPU.ActiveCfg = Release|Any CPU
		{5245DBC2-F53A-40B0-910F-7994F50C91F1}.Release|Any CPU.Build.0 = Release|Any CPU
		{AC3792AE-D05A-411E-B421-BEFC36790902}.Debug|Any CPU.ActiveCfg = Debug|Any CPU
		{AC3792AE-D05A-411E-B421-BEFC36790902}.Debug|Any CPU.Build.0 = Debug|Any CPU
		{AC3792AE-D05A-411E-B421-BEFC36790902}.Release|Any CPU.ActiveCfg = Release|Any CPU
		{AC3792AE-D05A-411E-B421-BEFC36790902}.Release|Any CPU.Build.0 = Release|Any CPU
	EndGlobalSection
	GlobalSection(SolutionProperties) = preSolution
		HideSolutionNode = FALSE
	EndGlobalSection
	GlobalSection(NestedProjects) = preSolution
		{1871AE67-C9ED-491C-80B9-FA77C32019B7} = {B0963C38-6302-424C-9067-2E0AA6BC2014}
		{26E63485-8EE8-42F8-B4BC-FE96DC6A598B} = {B0963C38-6302-424C-9067-2E0AA6BC2014}
		{2CC74F15-78DF-4E80-B62C-B1CC33E73F29} = {5848E6E1-611F-445D-ACD6-BFFC437DD5FD}
		{5245DBC2-F53A-40B0-910F-7994F50C91F1} = {5848E6E1-611F-445D-ACD6-BFFC437DD5FD}
		{AC3792AE-D05A-411E-B421-BEFC36790902} = {5848E6E1-611F-445D-ACD6-BFFC437DD5FD}
	EndGlobalSection
EndGlobal
